
Microsoft Visual Studio Solution File, Format Version 12.00
# Visual Studio Version 17
VisualStudioVersion = 17.12.35506.116 d17.12
MinimumVisualStudioVersion = 10.0.40219.1
Project("{FAE04EC0-301F-11D3-BF4B-00C04F79EFBC}") = "Ejercicio01", "Ejercicio01\Ejercicio01.csproj", "{57CBA06E-B164-4ACB-929C-6C6E25C900D7}"
EndProject
Project("{FAE04EC0-301F-11D3-BF4B-00C04F79EFBC}") = "ENT01", "ENT01\ENT01.csproj", "{4D439478-D73F-4D27-8399-AE6D8B82E7D2}"
EndProject
Project("{FAE04EC0-301F-11D3-BF4B-00C04F79EFBC}") = "DAL01", "DAL01\DAL01.csproj", "{924FEE1D-E8DB-41C1-980D-A70D3C85D698}"
EndProject
Project("{FAE04EC0-301F-11D3-BF4B-00C04F79EFBC}") = "BL01", "BL01\BL01.csproj", "{65704CB2-0B5F-4B8B-AA6F-2E5DD8AEF3A3}"
EndProject
Global
	GlobalSection(SolutionConfigurationPlatforms) = preSolution
		Debug|Any CPU = Debug|Any CPU
		Release|Any CPU = Release|Any CPU
	EndGlobalSection
	GlobalSection(ProjectConfigurationPlatforms) = postSolution
		{57CBA06E-B164-4ACB-929C-6C6E25C900D7}.Debug|Any CPU.ActiveCfg = Debug|Any CPU
		{57CBA06E-B164-4ACB-929C-6C6E25C900D7}.Debug|Any CPU.Build.0 = Debug|Any CPU
		{57CBA06E-B164-4ACB-929C-6C6E25C900D7}.Release|Any CPU.ActiveCfg = Release|Any CPU
		{57CBA06E-B164-4ACB-929C-6C6E25C900D7}.Release|Any CPU.Build.0 = Release|Any CPU
		{4D439478-D73F-4D27-8399-AE6D8B82E7D2}.Debug|Any CPU.ActiveCfg = Debug|Any CPU
		{4D439478-D73F-4D27-8399-AE6D8B82E7D2}.Debug|Any CPU.Build.0 = Debug|Any CPU
		{4D439478-D73F-4D27-8399-AE6D8B82E7D2}.Release|Any CPU.ActiveCfg = Release|Any CPU
		{4D439478-D73F-4D27-8399-AE6D8B82E7D2}.Release|Any CPU.Build.0 = Release|Any CPU
		{924FEE1D-E8DB-41C1-980D-A70D3C85D698}.Debug|Any CPU.ActiveCfg = Debug|Any CPU
		{924FEE1D-E8DB-41C1-980D-A70D3C85D698}.Debug|Any CPU.Build.0 = Debug|Any CPU
		{924FEE1D-E8DB-41C1-980D-A70D3C85D698}.Release|Any CPU.ActiveCfg = Release|Any CPU
		{924FEE1D-E8DB-41C1-980D-A70D3C85D698}.Release|Any CPU.Build.0 = Release|Any CPU
		{65704CB2-0B5F-4B8B-AA6F-2E5DD8AEF3A3}.Debug|Any CPU.ActiveCfg = Debug|Any CPU
		{65704CB2-0B5F-4B8B-AA6F-2E5DD8AEF3A3}.Debug|Any CPU.Build.0 = Debug|Any CPU
		{65704CB2-0B5F-4B8B-AA6F-2E5DD8AEF3A3}.Release|Any CPU.ActiveCfg = Release|Any CPU
		{65704CB2-0B5F-4B8B-AA6F-2E5DD8AEF3A3}.Release|Any CPU.Build.0 = Release|Any CPU
	EndGlobalSection
	GlobalSection(SolutionProperties) = preSolution
		HideSolutionNode = FALSE
	EndGlobalSection
EndGlobal
