
Microsoft Visual Studio Solution File, Format Version 12.00
# Visual Studio Version 17
VisualStudioVersion = 17.12.35506.116 d17.12
MinimumVisualStudioVersion = 10.0.40219.1
Project("{FAE04EC0-301F-11D3-BF4B-00C04F79EFBC}") = "GestionEmpresa", "GestionEmpresa\GestionEmpresa.csproj", "{39610AD9-DA1B-4DB6-9E93-EF135867AA65}"
EndProject
Project("{FAE04EC0-301F-11D3-BF4B-00C04F79EFBC}") = "ENT", "ENT\ENT.csproj", "{5AE27F8A-0493-4F5E-AD2F-28413440B1ED}"
EndProject
Project("{FAE04EC0-301F-11D3-BF4B-00C04F79EFBC}") = "DAL", "DAL\DAL.csproj", "{0D14E6D2-7BC4-4401-99BF-BD1B26A2D5F9}"
EndProject
Project("{FAE04EC0-301F-11D3-BF4B-00C04F79EFBC}") = "BL", "BL\BL.csproj", "{F90A8DAF-B91A-4EEA-8B87-C94CA4C64932}"
EndProject
Global
	GlobalSection(SolutionConfigurationPlatforms) = preSolution
		Debug|Any CPU = Debug|Any CPU
		Release|Any CPU = Release|Any CPU
	EndGlobalSection
	GlobalSection(ProjectConfigurationPlatforms) = postSolution
		{39610AD9-DA1B-4DB6-9E93-EF135867AA65}.Debug|Any CPU.ActiveCfg = Debug|Any CPU
		{39610AD9-DA1B-4DB6-9E93-EF135867AA65}.Debug|Any CPU.Build.0 = Debug|Any CPU
		{39610AD9-DA1B-4DB6-9E93-EF135867AA65}.Release|Any CPU.ActiveCfg = Release|Any CPU
		{39610AD9-DA1B-4DB6-9E93-EF135867AA65}.Release|Any CPU.Build.0 = Release|Any CPU
		{5AE27F8A-0493-4F5E-AD2F-28413440B1ED}.Debug|Any CPU.ActiveCfg = Debug|Any CPU
		{5AE27F8A-0493-4F5E-AD2F-28413440B1ED}.Debug|Any CPU.Build.0 = Debug|Any CPU
		{5AE27F8A-0493-4F5E-AD2F-28413440B1ED}.Release|Any CPU.ActiveCfg = Release|Any CPU
		{5AE27F8A-0493-4F5E-AD2F-28413440B1ED}.Release|Any CPU.Build.0 = Release|Any CPU
		{0D14E6D2-7BC4-4401-99BF-BD1B26A2D5F9}.Debug|Any CPU.ActiveCfg = Debug|Any CPU
		{0D14E6D2-7BC4-4401-99BF-BD1B26A2D5F9}.Debug|Any CPU.Build.0 = Debug|Any CPU
		{0D14E6D2-7BC4-4401-99BF-BD1B26A2D5F9}.Release|Any CPU.ActiveCfg = Release|Any CPU
		{0D14E6D2-7BC4-4401-99BF-BD1B26A2D5F9}.Release|Any CPU.Build.0 = Release|Any CPU
		{F90A8DAF-B91A-4EEA-8B87-C94CA4C64932}.Debug|Any CPU.ActiveCfg = Debug|Any CPU
		{F90A8DAF-B91A-4EEA-8B87-C94CA4C64932}.Debug|Any CPU.Build.0 = Debug|Any CPU
		{F90A8DAF-B91A-4EEA-8B87-C94CA4C64932}.Release|Any CPU.ActiveCfg = Release|Any CPU
		{F90A8DAF-B91A-4EEA-8B87-C94CA4C64932}.Release|Any CPU.Build.0 = Release|Any CPU
	EndGlobalSection
	GlobalSection(SolutionProperties) = preSolution
		HideSolutionNode = FALSE
	EndGlobalSection
EndGlobal
