
Microsoft Visual Studio Solution File, Format Version 12.00
# Visual Studio Version 17
VisualStudioVersion = 17.11.35312.102
MinimumVisualStudioVersion = 10.0.40219.1
Project("{9A19103F-16F7-4668-BE54-9A1E7A4F7556}") = "EjercicioAzure", "EjercicioAzure\EjercicioAzure.csproj", "{96EA9EAD-516C-4841-80AC-AAC47AC14723}"
EndProject
Project("{9A19103F-16F7-4668-BE54-9A1E7A4F7556}") = "DAL", "DAL\DAL.csproj", "{8EB767BB-0436-4645-A089-64E5D0FFE07F}"
EndProject
Project("{9A19103F-16F7-4668-BE54-9A1E7A4F7556}") = "ENT", "ENT\ENT.csproj", "{BCD58132-9152-41A8-A08B-219A8D53534D}"
EndProject
Project("{9A19103F-16F7-4668-BE54-9A1E7A4F7556}") = "ConexionMaui", "ConexionMaui\ConexionMaui.csproj", "{730CD867-1922-4977-BC04-1FF4D799C9E5}"
EndProject
Project("{FAE04EC0-301F-11D3-BF4B-00C04F79EFBC}") = "EjercicioAzureAsp", "EjercicioAzureAsp\EjercicioAzureAsp.csproj", "{545DF22E-E3E1-485C-8C29-598B8A596019}"
EndProject
Global
	GlobalSection(SolutionConfigurationPlatforms) = preSolution
		Debug|Any CPU = Debug|Any CPU
		Release|Any CPU = Release|Any CPU
	EndGlobalSection
	GlobalSection(ProjectConfigurationPlatforms) = postSolution
		{96EA9EAD-516C-4841-80AC-AAC47AC14723}.Debug|Any CPU.ActiveCfg = Debug|Any CPU
		{96EA9EAD-516C-4841-80AC-AAC47AC14723}.Debug|Any CPU.Build.0 = Debug|Any CPU
		{96EA9EAD-516C-4841-80AC-AAC47AC14723}.Release|Any CPU.ActiveCfg = Release|Any CPU
		{96EA9EAD-516C-4841-80AC-AAC47AC14723}.Release|Any CPU.Build.0 = Release|Any CPU
		{8EB767BB-0436-4645-A089-64E5D0FFE07F}.Debug|Any CPU.ActiveCfg = Debug|Any CPU
		{8EB767BB-0436-4645-A089-64E5D0FFE07F}.Debug|Any CPU.Build.0 = Debug|Any CPU
		{8EB767BB-0436-4645-A089-64E5D0FFE07F}.Release|Any CPU.ActiveCfg = Release|Any CPU
		{8EB767BB-0436-4645-A089-64E5D0FFE07F}.Release|Any CPU.Build.0 = Release|Any CPU
		{BCD58132-9152-41A8-A08B-219A8D53534D}.Debug|Any CPU.ActiveCfg = Debug|Any CPU
		{BCD58132-9152-41A8-A08B-219A8D53534D}.Debug|Any CPU.Build.0 = Debug|Any CPU
		{BCD58132-9152-41A8-A08B-219A8D53534D}.Release|Any CPU.ActiveCfg = Release|Any CPU
		{BCD58132-9152-41A8-A08B-219A8D53534D}.Release|Any CPU.Build.0 = Release|Any CPU
		{730CD867-1922-4977-BC04-1FF4D799C9E5}.Debug|Any CPU.ActiveCfg = Debug|Any CPU
		{730CD867-1922-4977-BC04-1FF4D799C9E5}.Debug|Any CPU.Build.0 = Debug|Any CPU
		{730CD867-1922-4977-BC04-1FF4D799C9E5}.Debug|Any CPU.Deploy.0 = Debug|Any CPU
		{730CD867-1922-4977-BC04-1FF4D799C9E5}.Release|Any CPU.ActiveCfg = Release|Any CPU
		{730CD867-1922-4977-BC04-1FF4D799C9E5}.Release|Any CPU.Build.0 = Release|Any CPU
		{730CD867-1922-4977-BC04-1FF4D799C9E5}.Release|Any CPU.Deploy.0 = Release|Any CPU
		{545DF22E-E3E1-485C-8C29-598B8A596019}.Debug|Any CPU.ActiveCfg = Debug|Any CPU
		{545DF22E-E3E1-485C-8C29-598B8A596019}.Debug|Any CPU.Build.0 = Debug|Any CPU
		{545DF22E-E3E1-485C-8C29-598B8A596019}.Release|Any CPU.ActiveCfg = Release|Any CPU
		{545DF22E-E3E1-485C-8C29-598B8A596019}.Release|Any CPU.Build.0 = Release|Any CPU
	EndGlobalSection
	GlobalSection(SolutionProperties) = preSolution
		HideSolutionNode = FALSE
	EndGlobalSection
	GlobalSection(ExtensibilityGlobals) = postSolution
		SolutionGuid = {27D7F755-BDCE-4B2E-B99B-815D734C42EC}
	EndGlobalSection
EndGlobal
