
Microsoft Visual Studio Solution File, Format Version 12.00
# Visual Studio Version 17
VisualStudioVersion = 17.11.35312.102
MinimumVisualStudioVersion = 10.0.40219.1
Project("{FAE04EC0-301F-11D3-BF4B-00C04F79EFBC}") = "EjerciciosU6", "EjerciciosU6\EjerciciosU6.csproj", "{C97BB7BA-BA84-4C2A-B8AE-C3EA441C5E20}"
EndProject
Global
	GlobalSection(SolutionConfigurationPlatforms) = preSolution
		Debug|Any CPU = Debug|Any CPU
		Release|Any CPU = Release|Any CPU
	EndGlobalSection
	GlobalSection(ProjectConfigurationPlatforms) = postSolution
		{C97BB7BA-BA84-4C2A-B8AE-C3EA441C5E20}.Debug|Any CPU.ActiveCfg = Debug|Any CPU
		{C97BB7BA-BA84-4C2A-B8AE-C3EA441C5E20}.Debug|Any CPU.Build.0 = Debug|Any CPU
		{C97BB7BA-BA84-4C2A-B8AE-C3EA441C5E20}.Release|Any CPU.ActiveCfg = Release|Any CPU
		{C97BB7BA-BA84-4C2A-B8AE-C3EA441C5E20}.Release|Any CPU.Build.0 = Release|Any CPU
	EndGlobalSection
	GlobalSection(SolutionProperties) = preSolution
		HideSolutionNode = FALSE
	EndGlobalSection
	GlobalSection(ExtensibilityGlobals) = postSolution
		SolutionGuid = {972AE996-C36A-480F-88D3-46E1B65A07CC}
	EndGlobalSection
EndGlobal
