
Microsoft Visual Studio Solution File, Format Version 12.00
# Visual Studio Version 17
VisualStudioVersion = 17.12.35707.178 d17.12
MinimumVisualStudioVersion = 10.0.40219.1
Project("{FAE04EC0-301F-11D3-BF4B-00C04F79EFBC}") = "ExamenApiLorenzo", "ExamenApiLorenzo\ExamenApiLorenzo.csproj", "{85129A6C-E91F-49C4-A839-30AF44D0FCD3}"
EndProject
Project("{FAE04EC0-301F-11D3-BF4B-00C04F79EFBC}") = "ENT", "ENT\ENT.csproj", "{7E0BA2FB-0F2A-42E4-B843-F8AE3B7D95C4}"
EndProject
Project("{FAE04EC0-301F-11D3-BF4B-00C04F79EFBC}") = "DAL", "DAL\DAL.csproj", "{514DCC84-5EE1-4BE9-AEFC-93AFDF991815}"
EndProject
Project("{FAE04EC0-301F-11D3-BF4B-00C04F79EFBC}") = "BL", "BL\BL.csproj", "{F1BE6885-57FF-4C9F-BEC4-BBB5D70A53B2}"
EndProject
Global
	GlobalSection(SolutionConfigurationPlatforms) = preSolution
		Debug|Any CPU = Debug|Any CPU
		Release|Any CPU = Release|Any CPU
	EndGlobalSection
	GlobalSection(ProjectConfigurationPlatforms) = postSolution
		{85129A6C-E91F-49C4-A839-30AF44D0FCD3}.Debug|Any CPU.ActiveCfg = Debug|Any CPU
		{85129A6C-E91F-49C4-A839-30AF44D0FCD3}.Debug|Any CPU.Build.0 = Debug|Any CPU
		{85129A6C-E91F-49C4-A839-30AF44D0FCD3}.Release|Any CPU.ActiveCfg = Release|Any CPU
		{85129A6C-E91F-49C4-A839-30AF44D0FCD3}.Release|Any CPU.Build.0 = Release|Any CPU
		{7E0BA2FB-0F2A-42E4-B843-F8AE3B7D95C4}.Debug|Any CPU.ActiveCfg = Debug|Any CPU
		{7E0BA2FB-0F2A-42E4-B843-F8AE3B7D95C4}.Debug|Any CPU.Build.0 = Debug|Any CPU
		{7E0BA2FB-0F2A-42E4-B843-F8AE3B7D95C4}.Release|Any CPU.ActiveCfg = Release|Any CPU
		{7E0BA2FB-0F2A-42E4-B843-F8AE3B7D95C4}.Release|Any CPU.Build.0 = Release|Any CPU
		{514DCC84-5EE1-4BE9-AEFC-93AFDF991815}.Debug|Any CPU.ActiveCfg = Debug|Any CPU
		{514DCC84-5EE1-4BE9-AEFC-93AFDF991815}.Debug|Any CPU.Build.0 = Debug|Any CPU
		{514DCC84-5EE1-4BE9-AEFC-93AFDF991815}.Release|Any CPU.ActiveCfg = Release|Any CPU
		{514DCC84-5EE1-4BE9-AEFC-93AFDF991815}.Release|Any CPU.Build.0 = Release|Any CPU
		{F1BE6885-57FF-4C9F-BEC4-BBB5D70A53B2}.Debug|Any CPU.ActiveCfg = Debug|Any CPU
		{F1BE6885-57FF-4C9F-BEC4-BBB5D70A53B2}.Debug|Any CPU.Build.0 = Debug|Any CPU
		{F1BE6885-57FF-4C9F-BEC4-BBB5D70A53B2}.Release|Any CPU.ActiveCfg = Release|Any CPU
		{F1BE6885-57FF-4C9F-BEC4-BBB5D70A53B2}.Release|Any CPU.Build.0 = Release|Any CPU
	EndGlobalSection
	GlobalSection(SolutionProperties) = preSolution
		HideSolutionNode = FALSE
	EndGlobalSection
EndGlobal
